
Microsoft Visual Studio Solution File, Format Version 12.00
# Visual Studio Version 17
VisualStudioVersion = 17.10.34707.107
MinimumVisualStudioVersion = 10.0.40219.1
Project("{FAE04EC0-301F-11D3-BF4B-00C04F79EFBC}") = "MediaTekDocuments", "MediaTekDocuments\MediaTekDocuments.csproj", "{75DE903D-6147-4E14-BBE0-FA20CD1F9840}"
EndProject
Project("{9A19103F-16F7-4668-BE54-9A1E7A4F7556}") = "MediaTekDocument", "MediaTekDocument\MediaTekDocument.csproj", "{52AD7FFD-2CC7-4214-97F3-D755BD8A747D}"
EndProject
Project("{FAE04EC0-301F-11D3-BF4B-00C04F79EFBC}") = "MediaTekDocumentTests", "MediaTekDocumentTests\MediaTekDocumentTests.csproj", "{7E04EBB4-D65B-4E5F-806E-65DDE85574B0}"
EndProject
Global
	GlobalSection(SolutionConfigurationPlatforms) = preSolution
		Debug|Any CPU = Debug|Any CPU
		Release|Any CPU = Release|Any CPU
	EndGlobalSection
	GlobalSection(ProjectConfigurationPlatforms) = postSolution
		{75DE903D-6147-4E14-BBE0-FA20CD1F9840}.Debug|Any CPU.ActiveCfg = Debug|Any CPU
		{75DE903D-6147-4E14-BBE0-FA20CD1F9840}.Debug|Any CPU.Build.0 = Debug|Any CPU
		{75DE903D-6147-4E14-BBE0-FA20CD1F9840}.Release|Any CPU.ActiveCfg = Release|Any CPU
		{75DE903D-6147-4E14-BBE0-FA20CD1F9840}.Release|Any CPU.Build.0 = Release|Any CPU
		{52AD7FFD-2CC7-4214-97F3-D755BD8A747D}.Debug|Any CPU.ActiveCfg = Debug|Any CPU
		{52AD7FFD-2CC7-4214-97F3-D755BD8A747D}.Debug|Any CPU.Build.0 = Debug|Any CPU
		{52AD7FFD-2CC7-4214-97F3-D755BD8A747D}.Release|Any CPU.ActiveCfg = Release|Any CPU
		{52AD7FFD-2CC7-4214-97F3-D755BD8A747D}.Release|Any CPU.Build.0 = Release|Any CPU
		{7E04EBB4-D65B-4E5F-806E-65DDE85574B0}.Debug|Any CPU.ActiveCfg = Debug|Any CPU
		{7E04EBB4-D65B-4E5F-806E-65DDE85574B0}.Debug|Any CPU.Build.0 = Debug|Any CPU
		{7E04EBB4-D65B-4E5F-806E-65DDE85574B0}.Release|Any CPU.ActiveCfg = Release|Any CPU
		{7E04EBB4-D65B-4E5F-806E-65DDE85574B0}.Release|Any CPU.Build.0 = Release|Any CPU
	EndGlobalSection
	GlobalSection(SolutionProperties) = preSolution
		HideSolutionNode = FALSE
	EndGlobalSection
	GlobalSection(ExtensibilityGlobals) = postSolution
		SolutionGuid = {9B2569CA-5E60-4743-9497-FCE8940AD153}
	EndGlobalSection
EndGlobal
